// !$*UTF8*$!
{
	archiveVersion = 1;
	classes = {
	};
	objectVersion = 46;
	objects = {

/* Begin PBXBuildFile section */
		523224941C22365A002C6D90 /* AppDelegate.swift in Sources */ = {isa = PBXBuildFile; fileRef = 523224931C22365A002C6D90 /* AppDelegate.swift */; };
		523224961C22365A002C6D90 /* ViewController.swift in Sources */ = {isa = PBXBuildFile; fileRef = 523224951C22365A002C6D90 /* ViewController.swift */; };
		523224991C22365A002C6D90 /* Main.storyboard in Resources */ = {isa = PBXBuildFile; fileRef = 523224971C22365A002C6D90 /* Main.storyboard */; };
		5232249B1C22365A002C6D90 /* Assets.xcassets in Resources */ = {isa = PBXBuildFile; fileRef = 5232249A1C22365A002C6D90 /* Assets.xcassets */; };
		5232249E1C22365A002C6D90 /* LaunchScreen.storyboard in Resources */ = {isa = PBXBuildFile; fileRef = 5232249C1C22365A002C6D90 /* LaunchScreen.storyboard */; };
/* End PBXBuildFile section */

/* Begin PBXFileReference section */
		523224901C22365A002C6D90 /* BaseDeDatos.app */ = {isa = PBXFileReference; explicitFileType = wrapper.application; includeInIndex = 0; path = BaseDeDatos.app; sourceTree = BUILT_PRODUCTS_DIR; };
		523224931C22365A002C6D90 /* AppDelegate.swift */ = {isa = PBXFileReference; lastKnownFileType = sourcecode.swift; path = AppDelegate.swift; sourceTree = "<group>"; };
		523224951C22365A002C6D90 /* ViewController.swift */ = {isa = PBXFileReference; lastKnownFileType = sourcecode.swift; path = ViewController.swift; sourceTree = "<group>"; };
		523224981C22365A002C6D90 /* Base */ = {isa = PBXFileReference; lastKnownFileType = file.storyboard; name = Base; path = Base.lproj/Main.storyboard; sourceTree = "<group>"; };
		5232249A1C22365A002C6D90 /* Assets.xcassets */ = {isa = PBXFileReference; lastKnownFileType = folder.assetcatalog; path = Assets.xcassets; sourceTree = "<group>"; };
		5232249D1C22365A002C6D90 /* Base */ = {isa = PBXFileReference; lastKnownFileType = file.storyboard; name = Base; path = Base.lproj/LaunchScreen.storyboard; sourceTree = "<group>"; };
		5232249F1C22365A002C6D90 /* Info.plist */ = {isa = PBXFileReference; lastKnownFileType = text.plist.xml; path = Info.plist; sourceTree = "<group>"; };
/* End PBXFileReference section */

/* Begin PBXFrameworksBuildPhase section */
		5232248D1C22365A002C6D90 /* Frameworks */ = {
			isa = PBXFrameworksBuildPhase;
			buildActionMask = 2147483647;
			files = (
			);
			runOnlyForDeploymentPostprocessing = 0;
		};
/* End PBXFrameworksBuildPhase section */

/* Begin PBXGroup section */
		523224871C22365A002C6D90 = {
			isa = PBXGroup;
			children = (
				523224921C22365A002C6D90 /* BaseDeDatos */,
				523224911C22365A002C6D90 /* Products */,
			);
			sourceTree = "<group>";
		};
		523224911C22365A002C6D90 /* Products */ = {
			isa = PBXGroup;
			children = (
				523224901C22365A002C6D90 /* BaseDeDatos.app */,
			);
			name = Products;
			sourceTree = "<group>";
		};
		523224921C22365A002C6D90 /* BaseDeDatos */ = {
			isa = PBXGroup;
			children = (
				523224931C22365A002C6D90 /* AppDelegate.swift */,
				523224951C22365A002C6D90 /* ViewController.swift */,
				523224971C22365A002C6D90 /* Main.storyboard */,
				5232249A1C22365A002C6D90 /* Assets.xcassets */,
				5232249C1C22365A002C6D90 /* LaunchScreen.storyboard */,
				5232249F1C22365A002C6D90 /* Info.plist */,
			);
			path = BaseDeDatos;
			sourceTree = "<group>";
		};
/* End PBXGroup section */

/* Begin PBXNativeTarget section */
		5232248F1C22365A002C6D90 /* BaseDeDatos */ = {
			isa = PBXNativeTarget;
			buildConfigurationList = 523224A21C22365A002C6D90 /* Build configuration list for PBXNativeTarget "BaseDeDatos" */;
			buildPhases = (
				5232248C1C22365A002C6D90 /* Sources */,
				5232248D1C22365A002C6D90 /* Frameworks */,
				5232248E1C22365A002C6D90 /* Resources */,
			);
			buildRules = (
			);
			dependencies = (
			);
			name = BaseDeDatos;
			productName = BaseDeDatos;
			productReference = 523224901C22365A002C6D90 /* BaseDeDatos.app */;
			productType = "com.apple.product-type.application";
		};
/* End PBXNativeTarget section */

/* Begin PBXProject section */
		523224881C22365A002C6D90 /* Project object */ = {
			isa = PBXProject;
			attributes = {
				LastSwiftUpdateCheck = 0710;
				LastUpgradeCheck = 0710;
				ORGANIZATIONNAME = "Juan Carlos Merlos";
				TargetAttributes = {
					5232248F1C22365A002C6D90 = {
						CreatedOnToolsVersion = 7.1.1;
						DevelopmentTeam = Z273P8K3M7;
					};
				};
			};
			buildConfigurationList = 5232248B1C22365A002C6D90 /* Build configuration list for PBXProject "BaseDeDatos" */;
			compatibilityVersion = "Xcode 3.2";
			developmentRegion = English;
			hasScannedForEncodings = 0;
			knownRegions = (
				en,
				Base,
			);
			mainGroup = 523224871C22365A002C6D90;
			productRefGroup = 523224911C22365A002C6D90 /* Products */;
			projectDirPath = "";
			projectRoot = "";
			targets = (
				5232248F1C22365A002C6D90 /* BaseDeDatos */,
			);
		};
/* End PBXProject section */

/* Begin PBXResourcesBuildPhase section */
		5232248E1C22365A002C6D90 /* Resources */ = {
			isa = PBXResourcesBuildPhase;
			buildActionMask = 2147483647;
			files = (
				5232249E1C22365A002C6D90 /* LaunchScreen.storyboard in Resources */,
				5232249B1C22365A002C6D90 /* Assets.xcassets in Resources */,
				523224991C22365A002C6D90 /* Main.storyboard in Resources */,
			);
			runOnlyForDeploymentPostprocessing = 0;
		};
/* End PBXResourcesBuildPhase section */

/* Begin PBXSourcesBuildPhase section */
		5232248C1C22365A002C6D90 /* Sources */ = {
			isa = PBXSourcesBuildPhase;
			buildActionMask = 2147483647;
			files = (
				523224961C22365A002C6D90 /* ViewController.swift in Sources */,
				523224941C22365A002C6D90 /* AppDelegate.swift in Sources */,
			);
			runOnlyForDeploymentPostprocessing = 0;
		};
/* End PBXSourcesBuildPhase section */

/* Begin PBXVariantGroup section */
		523224971C22365A002C6D90 /* Main.storyboard */ = {
			isa = PBXVariantGroup;
			children = (
				523224981C22365A002C6D90 /* Base */,
			);
			name = Main.storyboard;
			sourceTree = "<group>";
		};
		5232249C1C22365A002C6D90 /* LaunchScreen.storyboard */ = {
			isa = PBXVariantGroup;
			children = (
				5232249D1C22365A002C6D90 /* Base */,
			);
			name = LaunchScreen.storyboard;
			sourceTree = "<group>";
		};
/* End PBXVariantGroup section */

/* Begin XCBuildConfiguration section */
		523224A01C22365A002C6D90 /* Debug */ = {
			isa = XCBuildConfiguration;
			buildSettings = {
				ALWAYS_SEARCH_USER_PATHS = NO;
				CLANG_CXX_LANGUAGE_STANDARD = "gnu++0x";
				CLANG_CXX_LIBRARY = "libc++";
				CLANG_ENABLE_MODULES = YES;
				CLANG_ENABLE_OBJC_ARC = YES;
				CLANG_WARN_BOOL_CONVERSION = YES;
				CLANG_WARN_CONSTANT_CONVERSION = YES;
				CLANG_WARN_DIRECT_OBJC_ISA_USAGE = YES_ERROR;
				CLANG_WARN_EMPTY_BODY = YES;
				CLANG_WARN_ENUM_CONVERSION = YES;
				CLANG_WARN_INT_CONVERSION = YES;
				CLANG_WARN_OBJC_ROOT_CLASS = YES_ERROR;
				CLANG_WARN_UNREACHABLE_CODE = YES;
				CLANG_WARN__DUPLICATE_METHOD_MATCH = YES;
				"CODE_SIGN_IDENTITY[sdk=iphoneos*]" = "iPhone Developer";
				COPY_PHASE_STRIP = NO;
				DEBUG_INFORMATION_FORMAT = dwarf;
				ENABLE_STRICT_OBJC_MSGSEND = YES;
				ENABLE_TESTABILITY = YES;
				GCC_C_LANGUAGE_STANDARD = gnu99;
				GCC_DYNAMIC_NO_PIC = NO;
				GCC_NO_COMMON_BLOCKS = YES;
				GCC_OPTIMIZATION_LEVEL = 0;
				GCC_PREPROCESSOR_DEFINITIONS = (
					"DEBUG=1",
					"$(inherited)",
				);
				GCC_WARN_64_TO_32_BIT_CONVERSION = YES;
				GCC_WARN_ABOUT_RETURN_TYPE = YES_ERROR;
				GCC_WARN_UNDECLARED_SELECTOR = YES;
				GCC_WARN_UNINITIALIZED_AUTOS = YES_AGGRESSIVE;
				GCC_WARN_UNUSED_FUNCTION = YES;
				GCC_WARN_UNUSED_VARIABLE = YES;
				IPHONEOS_DEPLOYMENT_TARGET = 9.1;
				MTL_ENABLE_DEBUG_INFO = YES;
				ONLY_ACTIVE_ARCH = YES;
				SDKROOT = iphoneos;
				SWIFT_OPTIMIZATION_LEVEL = "-Onone";
				TARGETED_DEVICE_FAMILY = "1,2";
			};
			name = Debug;
		};
		523224A11C22365A002C6D90 /* Release */ = {
			isa = XCBuildConfiguration;
			buildSettings = {
				ALWAYS_SEARCH_USER_PATHS = NO;
				CLANG_CXX_LANGUAGE_STANDARD = "gnu++0x";
				CLANG_CXX_LIBRARY = "libc++";
				CLANG_ENABLE_MODULES = YES;
				CLANG_ENABLE_OBJC_ARC = YES;
				CLANG_WARN_BOOL_CONVERSION = YES;
				CLANG_WARN_CONSTANT_CONVERSION = YES;
				CLANG_WARN_DIRECT_OBJC_ISA_USAGE = YES_ERROR;
				CLANG_WARN_EMPTY_BODY = YES;
				CLANG_WARN_ENUM_CONVERSION = YES;
				CLANG_WARN_INT_CONVERSION = YES;
				CLANG_WARN_OBJC_ROOT_CLASS = YES_ERROR;
				CLANG_WARN_UNREACHABLE_CODE = YES;
				CLANG_WARN__DUPLICATE_METHOD_MATCH = YES;
				"CODE_SIGN_IDENTITY[sdk=iphoneos*]" = "iPhone Developer";
				COPY_PHASE_STRIP = NO;
				DEBUG_INFORMATION_FORMAT = "dwarf-with-dsym";
				ENABLE_NS_ASSERTIONS = NO;
				ENABLE_STRICT_OBJC_MSGSEND = YES;
				GCC_C_LANGUAGE_STANDARD = gnu99;
				GCC_NO_COMMON_BLOCKS = YES;
				GCC_WARN_64_TO_32_BIT_CONVERSION = YES;
				GCC_WARN_ABOUT_RETURN_TYPE = YES_ERROR;
				GCC_WARN_UNDECLARED_SELECTOR = YES;
				GCC_WARN_UNINITIALIZED_AUTOS = YES_AGGRESSIVE;
				GCC_WARN_UNUSED_FUNCTION = YES;
				GCC_WARN_UNUSED_VARIABLE = YES;
				IPHONEOS_DEPLOYMENT_TARGET = 9.1;
				MTL_ENABLE_DEBUG_INFO = NO;
				SDKROOT = iphoneos;
				TARGETED_DEVICE_FAMILY = "1,2";
				VALIDATE_PRODUCT = YES;
			};
			name = Release;
		};
		523224A31C22365A002C6D90 /* Debug */ = {
			isa = XCBuildConfiguration;
			buildSettings = {
				ASSETCATALOG_COMPILER_APPICON_NAME = AppIcon;
				INFOPLIST_FILE = BaseDeDatos/Info.plist;
				LD_RUNPATH_SEARCH_PATHS = "$(inherited) @executable_path/Frameworks";
				PRODUCT_BUNDLE_IDENTIFIER = com.merlosalbarracin.BaseDeDatos;
				PRODUCT_NAME = "$(TARGET_NAME)";
			};
			name = Debug;
		};
		523224A41C22365A002C6D90 /* Release */ = {
			isa = XCBuildConfiguration;
			buildSettings = {
				ASSETCATALOG_COMPILER_APPICON_NAME = AppIcon;
				INFOPLIST_FILE = BaseDeDatos/Info.plist;
				LD_RUNPATH_SEARCH_PATHS = "$(inherited) @executable_path/Frameworks";
				PRODUCT_BUNDLE_IDENTIFIER = com.merlosalbarracin.BaseDeDatos;
				PRODUCT_NAME = "$(TARGET_NAME)";
			};
			name = Release;
		};
/* End XCBuildConfiguration section */

/* Begin XCConfigurationList section */
		5232248B1C22365A002C6D90 /* Build configuration list for PBXProject "BaseDeDatos" */ = {
			isa = XCConfigurationList;
			buildConfigurations = (
				523224A01C22365A002C6D90 /* Debug */,
				523224A11C22365A002C6D90 /* Release */,
			);
			defaultConfigurationIsVisible = 0;
			defaultConfigurationName = Release;
		};
		523224A21C22365A002C6D90 /* Build configuration list for PBXNativeTarget "BaseDeDatos" */ = {
			isa = XCConfigurationList;
			buildConfigurations = (
				523224A31C22365A002C6D90 /* Debug */,
				523224A41C22365A002C6D90 /* Release */,
			);
			defaultConfigurationIsVisible = 0;
		};
/* End XCConfigurationList section */
	};
	rootObject = 523224881C22365A002C6D90 /* Project object */;
}
